
Microsoft Visual Studio Solution File, Format Version 12.00
# Visual Studio Version 17
VisualStudioVersion = 17.1.32414.318
MinimumVisualStudioVersion = 10.0.40219.1
Project("{FAE04EC0-301F-11D3-BF4B-00C04F79EFBC}") = "RegexProjectDemo", "RegexProject\RegexProjectDemo.csproj", "{DC1891A1-65AD-44FF-9E34-7CB641E2CB1F}"
EndProject
Global
	GlobalSection(SolutionConfigurationPlatforms) = preSolution
		Debug|Any CPU = Debug|Any CPU
		Release|Any CPU = Release|Any CPU
	EndGlobalSection
	GlobalSection(ProjectConfigurationPlatforms) = postSolution
		{DC1891A1-65AD-44FF-9E34-7CB641E2CB1F}.Debug|Any CPU.ActiveCfg = Debug|Any CPU
		{DC1891A1-65AD-44FF-9E34-7CB641E2CB1F}.Debug|Any CPU.Build.0 = Debug|Any CPU
		{DC1891A1-65AD-44FF-9E34-7CB641E2CB1F}.Release|Any CPU.ActiveCfg = Release|Any CPU
		{DC1891A1-65AD-44FF-9E34-7CB641E2CB1F}.Release|Any CPU.Build.0 = Release|Any CPU
	EndGlobalSection
	GlobalSection(SolutionProperties) = preSolution
		HideSolutionNode = FALSE
	EndGlobalSection
	GlobalSection(ExtensibilityGlobals) = postSolution
		SolutionGuid = {4CAAEF85-1934-45EB-9A56-30E5FAD18714}
	EndGlobalSection
EndGlobal
